
Microsoft Visual Studio Solution File, Format Version 12.00
# Visual Studio Version 17
VisualStudioVersion = 17.14.36623.8 d17.14
MinimumVisualStudioVersion = 10.0.40219.1
Project("{888888A0-9F3D-457C-B088-3A5042F75D52}") = "DjangoWebProject1", "DjangoWebProject1.pyproj", "{15DAB670-C52B-499E-8B22-318508BE463C}"
EndProject
Global
	GlobalSection(SolutionConfigurationPlatforms) = preSolution
		Debug|Any CPU = Debug|Any CPU
		Release|Any CPU = Release|Any CPU
	EndGlobalSection
	GlobalSection(ProjectConfigurationPlatforms) = postSolution
		{15DAB670-C52B-499E-8B22-318508BE463C}.Debug|Any CPU.ActiveCfg = Debug|Any CPU
		{15DAB670-C52B-499E-8B22-318508BE463C}.Debug|Any CPU.Build.0 = Debug|Any CPU
		{15DAB670-C52B-499E-8B22-318508BE463C}.Release|Any CPU.ActiveCfg = Release|Any CPU
		{15DAB670-C52B-499E-8B22-318508BE463C}.Release|Any CPU.Build.0 = Release|Any CPU
	EndGlobalSection
	GlobalSection(SolutionProperties) = preSolution
		HideSolutionNode = FALSE
	EndGlobalSection
	GlobalSection(ExtensibilityGlobals) = postSolution
		SolutionGuid = {20263422-6734-4BFE-9FF7-ED7401E5B9C5}
	EndGlobalSection
EndGlobal
